
Microsoft Visual Studio Solution File, Format Version 12.00
Project("{FAE04EC0-301F-11D3-BF4B-00C04F79EFBC}") = "LogiLeds", "LogiLeds\LogiLeds.csproj", "{4017A1EF-44B0-4298-B460-76D3731A56C4}"
EndProject
Project("{FAE04EC0-301F-11D3-BF4B-00C04F79EFBC}") = "LogiLeds.Tests", "LogiLeds.Tests\LogiLeds.Tests.csproj", "{B274A616-01F9-4B4A-AFC0-5C91AC2BC51E}"
EndProject
Global
	GlobalSection(SolutionConfigurationPlatforms) = preSolution
		Debug|Any CPU = Debug|Any CPU
		Release|Any CPU = Release|Any CPU
	EndGlobalSection
	GlobalSection(ProjectConfigurationPlatforms) = postSolution
		{4017A1EF-44B0-4298-B460-76D3731A56C4}.Debug|Any CPU.ActiveCfg = Debug|Any CPU
		{4017A1EF-44B0-4298-B460-76D3731A56C4}.Debug|Any CPU.Build.0 = Debug|Any CPU
		{4017A1EF-44B0-4298-B460-76D3731A56C4}.Release|Any CPU.ActiveCfg = Release|Any CPU
		{4017A1EF-44B0-4298-B460-76D3731A56C4}.Release|Any CPU.Build.0 = Release|Any CPU
		{B274A616-01F9-4B4A-AFC0-5C91AC2BC51E}.Debug|Any CPU.ActiveCfg = Debug|Any CPU
		{B274A616-01F9-4B4A-AFC0-5C91AC2BC51E}.Debug|Any CPU.Build.0 = Debug|Any CPU
		{B274A616-01F9-4B4A-AFC0-5C91AC2BC51E}.Release|Any CPU.ActiveCfg = Release|Any CPU
		{B274A616-01F9-4B4A-AFC0-5C91AC2BC51E}.Release|Any CPU.Build.0 = Release|Any CPU
	EndGlobalSection
EndGlobal
