{
  "version": 1,
  "dependencies": {
    "net10.0-windows7.0": {
      "FontAwesome.Sharp": {
        "type": "Direct",
        "requested": "[6.6.0, )",
        "resolved": "6.6.0",
        "contentHash": "bJCb2x73UC1nD9+9iMLaUy6Ujf9Pf+buL6FHwVnaoDYT4CQNLazz59hO5gQ0+SMSW0G+ZXmjjShOYr3Jn2UZiw=="
      },
      "HidSharp": {
        "type": "Direct",
        "requested": "[2.6.4, )",
        "resolved": "2.6.4",
        "contentHash": "UcGvtnXFcatwHBXr+ei8GEXvg//wjGmDGQ6Xvb+7M4vHjURAhSLIJ+dSZv0BnAhQEpNlH8G4P7JxYnMH8Aph4g=="
      }
    },
    "net10.0-windows7.0/win-x64": {}
  }
}