{
  "version": 1,
  "dependencies": {
    "net10.0-windows7.0": {
      "FontAwesome.WPF": {
        "type": "Direct",
        "requested": "[4.7.0.9, )",
        "resolved": "4.7.0.9",
        "contentHash": "SXE080rnyWMm9Dt0BZzMxh89/o9teuSaqL1N+0O/XM/F/HU8JuZA4XaEKxjBigwZPHHU3/udTa0QMYCHkmH43Q=="
      },
      "HidSharp": {
        "type": "Direct",
        "requested": "[2.6.4, )",
        "resolved": "2.6.4",
        "contentHash": "UcGvtnXFcatwHBXr+ei8GEXvg//wjGmDGQ6Xvb+7M4vHjURAhSLIJ+dSZv0BnAhQEpNlH8G4P7JxYnMH8Aph4g=="
      }
    },
    "net10.0-windows7.0/win-x64": {}
  }
}